
Microsoft Visual Studio Solution File, Format Version 12.00
# Visual Studio Version 17
VisualStudioVersion = 17.1.32228.430
MinimumVisualStudioVersion = 10.0.40219.1
Project("{FAE04EC0-301F-11D3-BF4B-00C04F79EFBC}") = "WpfApp1", "WpfApp1\WpfApp1\WpfApp1.csproj", "{1269B05C-D45D-4639-BCC9-63245737C023}"
EndProject
Project("{9A19103F-16F7-4668-BE54-9A1E7A4F7556}") = "WpfApp4", "WpfApp4\WpfApp4.csproj", "{051FD553-1CE3-4646-B1CB-B9F777A09DE8}"
EndProject
Project("{9A19103F-16F7-4668-BE54-9A1E7A4F7556}") = "WpfApp2", "WpfApp2\WpfApp2.csproj", "{00CA9130-818A-4F5B-82AD-897F6CAEBC00}"
EndProject
Project("{9A19103F-16F7-4668-BE54-9A1E7A4F7556}") = "MyToDo", "MyToDo\MyToDo.csproj", "{B6B86F46-D938-4706-9336-A02CBCE86E0F}"
EndProject
Project("{9A19103F-16F7-4668-BE54-9A1E7A4F7556}") = "WpfApp3Prism", "WpfApp3Prism\WpfApp3Prism.csproj", "{C6CF9AD1-C8FF-4C6C-9F1E-E6FF73994B48}"
EndProject
Project("{9A19103F-16F7-4668-BE54-9A1E7A4F7556}") = "ModleA", "ModleA\ModleA.csproj", "{CC61EBEB-DF1E-40A1-AA62-E34633ED7EB6}"
EndProject
Project("{9A19103F-16F7-4668-BE54-9A1E7A4F7556}") = "ModleB", "ModleB\ModleB.csproj", "{9584606E-8DF7-4D6B-8089-22FEB614DE33}"
EndProject
Project("{9A19103F-16F7-4668-BE54-9A1E7A4F7556}") = "WPFTodo", "WPFTodo\WPFTodo.csproj", "{7DC0F29D-C8A1-4E67-8514-B6120A92A0B5}"
EndProject
Project("{9A19103F-16F7-4668-BE54-9A1E7A4F7556}") = "WPFTodo.Api", "WPFTodo.Api\WPFTodo.Api.csproj", "{D5BE2997-645B-448B-A855-8AA9D036B9D1}"
EndProject
Project("{FAE04EC0-301F-11D3-BF4B-00C04F79EFBC}") = "WPFToDo.Shared", "WPFToDo.Shared\WPFToDo.Shared.csproj", "{3E84CEE3-8B45-421B-8EE5-C394257927C0}"
EndProject
Global
	GlobalSection(SolutionConfigurationPlatforms) = preSolution
		Debug|Any CPU = Debug|Any CPU
		Debug|x64 = Debug|x64
		Debug|x86 = Debug|x86
		Release|Any CPU = Release|Any CPU
		Release|x64 = Release|x64
		Release|x86 = Release|x86
	EndGlobalSection
	GlobalSection(ProjectConfigurationPlatforms) = postSolution
		{1269B05C-D45D-4639-BCC9-63245737C023}.Debug|Any CPU.ActiveCfg = Debug|Any CPU
		{1269B05C-D45D-4639-BCC9-63245737C023}.Debug|Any CPU.Build.0 = Debug|Any CPU
		{1269B05C-D45D-4639-BCC9-63245737C023}.Debug|x64.ActiveCfg = Debug|Any CPU
		{1269B05C-D45D-4639-BCC9-63245737C023}.Debug|x64.Build.0 = Debug|Any CPU
		{1269B05C-D45D-4639-BCC9-63245737C023}.Debug|x86.ActiveCfg = Debug|Any CPU
		{1269B05C-D45D-4639-BCC9-63245737C023}.Debug|x86.Build.0 = Debug|Any CPU
		{1269B05C-D45D-4639-BCC9-63245737C023}.Release|Any CPU.ActiveCfg = Release|Any CPU
		{1269B05C-D45D-4639-BCC9-63245737C023}.Release|Any CPU.Build.0 = Release|Any CPU
		{1269B05C-D45D-4639-BCC9-63245737C023}.Release|x64.ActiveCfg = Release|Any CPU
		{1269B05C-D45D-4639-BCC9-63245737C023}.Release|x64.Build.0 = Release|Any CPU
		{1269B05C-D45D-4639-BCC9-63245737C023}.Release|x86.ActiveCfg = Release|Any CPU
		{1269B05C-D45D-4639-BCC9-63245737C023}.Release|x86.Build.0 = Release|Any CPU
		{051FD553-1CE3-4646-B1CB-B9F777A09DE8}.Debug|Any CPU.ActiveCfg = Debug|Any CPU
		{051FD553-1CE3-4646-B1CB-B9F777A09DE8}.Debug|Any CPU.Build.0 = Debug|Any CPU
		{051FD553-1CE3-4646-B1CB-B9F777A09DE8}.Debug|x64.ActiveCfg = Debug|Any CPU
		{051FD553-1CE3-4646-B1CB-B9F777A09DE8}.Debug|x64.Build.0 = Debug|Any CPU
		{051FD553-1CE3-4646-B1CB-B9F777A09DE8}.Debug|x86.ActiveCfg = Debug|Any CPU
		{051FD553-1CE3-4646-B1CB-B9F777A09DE8}.Debug|x86.Build.0 = Debug|Any CPU
		{051FD553-1CE3-4646-B1CB-B9F777A09DE8}.Release|Any CPU.ActiveCfg = Release|Any CPU
		{051FD553-1CE3-4646-B1CB-B9F777A09DE8}.Release|Any CPU.Build.0 = Release|Any CPU
		{051FD553-1CE3-4646-B1CB-B9F777A09DE8}.Release|x64.ActiveCfg = Release|Any CPU
		{051FD553-1CE3-4646-B1CB-B9F777A09DE8}.Release|x64.Build.0 = Release|Any CPU
		{051FD553-1CE3-4646-B1CB-B9F777A09DE8}.Release|x86.ActiveCfg = Release|Any CPU
		{051FD553-1CE3-4646-B1CB-B9F777A09DE8}.Release|x86.Build.0 = Release|Any CPU
		{00CA9130-818A-4F5B-82AD-897F6CAEBC00}.Debug|Any CPU.ActiveCfg = Debug|Any CPU
		{00CA9130-818A-4F5B-82AD-897F6CAEBC00}.Debug|Any CPU.Build.0 = Debug|Any CPU
		{00CA9130-818A-4F5B-82AD-897F6CAEBC00}.Debug|x64.ActiveCfg = Debug|Any CPU
		{00CA9130-818A-4F5B-82AD-897F6CAEBC00}.Debug|x64.Build.0 = Debug|Any CPU
		{00CA9130-818A-4F5B-82AD-897F6CAEBC00}.Debug|x86.ActiveCfg = Debug|Any CPU
		{00CA9130-818A-4F5B-82AD-897F6CAEBC00}.Debug|x86.Build.0 = Debug|Any CPU
		{00CA9130-818A-4F5B-82AD-897F6CAEBC00}.Release|Any CPU.ActiveCfg = Release|Any CPU
		{00CA9130-818A-4F5B-82AD-897F6CAEBC00}.Release|Any CPU.Build.0 = Release|Any CPU
		{00CA9130-818A-4F5B-82AD-897F6CAEBC00}.Release|x64.ActiveCfg = Release|Any CPU
		{00CA9130-818A-4F5B-82AD-897F6CAEBC00}.Release|x64.Build.0 = Release|Any CPU
		{00CA9130-818A-4F5B-82AD-897F6CAEBC00}.Release|x86.ActiveCfg = Release|Any CPU
		{00CA9130-818A-4F5B-82AD-897F6CAEBC00}.Release|x86.Build.0 = Release|Any CPU
		{B6B86F46-D938-4706-9336-A02CBCE86E0F}.Debug|Any CPU.ActiveCfg = Debug|Any CPU
		{B6B86F46-D938-4706-9336-A02CBCE86E0F}.Debug|Any CPU.Build.0 = Debug|Any CPU
		{B6B86F46-D938-4706-9336-A02CBCE86E0F}.Debug|x64.ActiveCfg = Debug|Any CPU
		{B6B86F46-D938-4706-9336-A02CBCE86E0F}.Debug|x64.Build.0 = Debug|Any CPU
		{B6B86F46-D938-4706-9336-A02CBCE86E0F}.Debug|x86.ActiveCfg = Debug|Any CPU
		{B6B86F46-D938-4706-9336-A02CBCE86E0F}.Debug|x86.Build.0 = Debug|Any CPU
		{B6B86F46-D938-4706-9336-A02CBCE86E0F}.Release|Any CPU.ActiveCfg = Release|Any CPU
		{B6B86F46-D938-4706-9336-A02CBCE86E0F}.Release|Any CPU.Build.0 = Release|Any CPU
		{B6B86F46-D938-4706-9336-A02CBCE86E0F}.Release|x64.ActiveCfg = Release|Any CPU
		{B6B86F46-D938-4706-9336-A02CBCE86E0F}.Release|x64.Build.0 = Release|Any CPU
		{B6B86F46-D938-4706-9336-A02CBCE86E0F}.Release|x86.ActiveCfg = Release|Any CPU
		{B6B86F46-D938-4706-9336-A02CBCE86E0F}.Release|x86.Build.0 = Release|Any CPU
		{C6CF9AD1-C8FF-4C6C-9F1E-E6FF73994B48}.Debug|Any CPU.ActiveCfg = Debug|Any CPU
		{C6CF9AD1-C8FF-4C6C-9F1E-E6FF73994B48}.Debug|Any CPU.Build.0 = Debug|Any CPU
		{C6CF9AD1-C8FF-4C6C-9F1E-E6FF73994B48}.Debug|x64.ActiveCfg = Debug|Any CPU
		{C6CF9AD1-C8FF-4C6C-9F1E-E6FF73994B48}.Debug|x64.Build.0 = Debug|Any CPU
		{C6CF9AD1-C8FF-4C6C-9F1E-E6FF73994B48}.Debug|x86.ActiveCfg = Debug|Any CPU
		{C6CF9AD1-C8FF-4C6C-9F1E-E6FF73994B48}.Debug|x86.Build.0 = Debug|Any CPU
		{C6CF9AD1-C8FF-4C6C-9F1E-E6FF73994B48}.Release|Any CPU.ActiveCfg = Release|Any CPU
		{C6CF9AD1-C8FF-4C6C-9F1E-E6FF73994B48}.Release|Any CPU.Build.0 = Release|Any CPU
		{C6CF9AD1-C8FF-4C6C-9F1E-E6FF73994B48}.Release|x64.ActiveCfg = Release|Any CPU
		{C6CF9AD1-C8FF-4C6C-9F1E-E6FF73994B48}.Release|x64.Build.0 = Release|Any CPU
		{C6CF9AD1-C8FF-4C6C-9F1E-E6FF73994B48}.Release|x86.ActiveCfg = Release|Any CPU
		{C6CF9AD1-C8FF-4C6C-9F1E-E6FF73994B48}.Release|x86.Build.0 = Release|Any CPU
		{CC61EBEB-DF1E-40A1-AA62-E34633ED7EB6}.Debug|Any CPU.ActiveCfg = Debug|Any CPU
		{CC61EBEB-DF1E-40A1-AA62-E34633ED7EB6}.Debug|Any CPU.Build.0 = Debug|Any CPU
		{CC61EBEB-DF1E-40A1-AA62-E34633ED7EB6}.Debug|x64.ActiveCfg = Debug|Any CPU
		{CC61EBEB-DF1E-40A1-AA62-E34633ED7EB6}.Debug|x64.Build.0 = Debug|Any CPU
		{CC61EBEB-DF1E-40A1-AA62-E34633ED7EB6}.Debug|x86.ActiveCfg = Debug|Any CPU
		{CC61EBEB-DF1E-40A1-AA62-E34633ED7EB6}.Debug|x86.Build.0 = Debug|Any CPU
		{CC61EBEB-DF1E-40A1-AA62-E34633ED7EB6}.Release|Any CPU.ActiveCfg = Release|Any CPU
		{CC61EBEB-DF1E-40A1-AA62-E34633ED7EB6}.Release|Any CPU.Build.0 = Release|Any CPU
		{CC61EBEB-DF1E-40A1-AA62-E34633ED7EB6}.Release|x64.ActiveCfg = Release|Any CPU
		{CC61EBEB-DF1E-40A1-AA62-E34633ED7EB6}.Release|x64.Build.0 = Release|Any CPU
		{CC61EBEB-DF1E-40A1-AA62-E34633ED7EB6}.Release|x86.ActiveCfg = Release|Any CPU
		{CC61EBEB-DF1E-40A1-AA62-E34633ED7EB6}.Release|x86.Build.0 = Release|Any CPU
		{9584606E-8DF7-4D6B-8089-22FEB614DE33}.Debug|Any CPU.ActiveCfg = Debug|Any CPU
		{9584606E-8DF7-4D6B-8089-22FEB614DE33}.Debug|Any CPU.Build.0 = Debug|Any CPU
		{9584606E-8DF7-4D6B-8089-22FEB614DE33}.Debug|x64.ActiveCfg = Debug|Any CPU
		{9584606E-8DF7-4D6B-8089-22FEB614DE33}.Debug|x64.Build.0 = Debug|Any CPU
		{9584606E-8DF7-4D6B-8089-22FEB614DE33}.Debug|x86.ActiveCfg = Debug|Any CPU
		{9584606E-8DF7-4D6B-8089-22FEB614DE33}.Debug|x86.Build.0 = Debug|Any CPU
		{9584606E-8DF7-4D6B-8089-22FEB614DE33}.Release|Any CPU.ActiveCfg = Release|Any CPU
		{9584606E-8DF7-4D6B-8089-22FEB614DE33}.Release|Any CPU.Build.0 = Release|Any CPU
		{9584606E-8DF7-4D6B-8089-22FEB614DE33}.Release|x64.ActiveCfg = Release|Any CPU
		{9584606E-8DF7-4D6B-8089-22FEB614DE33}.Release|x64.Build.0 = Release|Any CPU
		{9584606E-8DF7-4D6B-8089-22FEB614DE33}.Release|x86.ActiveCfg = Release|Any CPU
		{9584606E-8DF7-4D6B-8089-22FEB614DE33}.Release|x86.Build.0 = Release|Any CPU
		{7DC0F29D-C8A1-4E67-8514-B6120A92A0B5}.Debug|Any CPU.ActiveCfg = Debug|Any CPU
		{7DC0F29D-C8A1-4E67-8514-B6120A92A0B5}.Debug|Any CPU.Build.0 = Debug|Any CPU
		{7DC0F29D-C8A1-4E67-8514-B6120A92A0B5}.Debug|x64.ActiveCfg = Debug|Any CPU
		{7DC0F29D-C8A1-4E67-8514-B6120A92A0B5}.Debug|x64.Build.0 = Debug|Any CPU
		{7DC0F29D-C8A1-4E67-8514-B6120A92A0B5}.Debug|x86.ActiveCfg = Debug|Any CPU
		{7DC0F29D-C8A1-4E67-8514-B6120A92A0B5}.Debug|x86.Build.0 = Debug|Any CPU
		{7DC0F29D-C8A1-4E67-8514-B6120A92A0B5}.Release|Any CPU.ActiveCfg = Release|Any CPU
		{7DC0F29D-C8A1-4E67-8514-B6120A92A0B5}.Release|Any CPU.Build.0 = Release|Any CPU
		{7DC0F29D-C8A1-4E67-8514-B6120A92A0B5}.Release|x64.ActiveCfg = Release|Any CPU
		{7DC0F29D-C8A1-4E67-8514-B6120A92A0B5}.Release|x64.Build.0 = Release|Any CPU
		{7DC0F29D-C8A1-4E67-8514-B6120A92A0B5}.Release|x86.ActiveCfg = Release|Any CPU
		{7DC0F29D-C8A1-4E67-8514-B6120A92A0B5}.Release|x86.Build.0 = Release|Any CPU
		{D5BE2997-645B-448B-A855-8AA9D036B9D1}.Debug|Any CPU.ActiveCfg = Debug|Any CPU
		{D5BE2997-645B-448B-A855-8AA9D036B9D1}.Debug|Any CPU.Build.0 = Debug|Any CPU
		{D5BE2997-645B-448B-A855-8AA9D036B9D1}.Debug|x64.ActiveCfg = Debug|Any CPU
		{D5BE2997-645B-448B-A855-8AA9D036B9D1}.Debug|x64.Build.0 = Debug|Any CPU
		{D5BE2997-645B-448B-A855-8AA9D036B9D1}.Debug|x86.ActiveCfg = Debug|Any CPU
		{D5BE2997-645B-448B-A855-8AA9D036B9D1}.Debug|x86.Build.0 = Debug|Any CPU
		{D5BE2997-645B-448B-A855-8AA9D036B9D1}.Release|Any CPU.ActiveCfg = Release|Any CPU
		{D5BE2997-645B-448B-A855-8AA9D036B9D1}.Release|Any CPU.Build.0 = Release|Any CPU
		{D5BE2997-645B-448B-A855-8AA9D036B9D1}.Release|x64.ActiveCfg = Release|Any CPU
		{D5BE2997-645B-448B-A855-8AA9D036B9D1}.Release|x64.Build.0 = Release|Any CPU
		{D5BE2997-645B-448B-A855-8AA9D036B9D1}.Release|x86.ActiveCfg = Release|Any CPU
		{D5BE2997-645B-448B-A855-8AA9D036B9D1}.Release|x86.Build.0 = Release|Any CPU
		{3E84CEE3-8B45-421B-8EE5-C394257927C0}.Debug|Any CPU.ActiveCfg = Debug|Any CPU
		{3E84CEE3-8B45-421B-8EE5-C394257927C0}.Debug|Any CPU.Build.0 = Debug|Any CPU
		{3E84CEE3-8B45-421B-8EE5-C394257927C0}.Debug|x64.ActiveCfg = Debug|Any CPU
		{3E84CEE3-8B45-421B-8EE5-C394257927C0}.Debug|x64.Build.0 = Debug|Any CPU
		{3E84CEE3-8B45-421B-8EE5-C394257927C0}.Debug|x86.ActiveCfg = Debug|Any CPU
		{3E84CEE3-8B45-421B-8EE5-C394257927C0}.Debug|x86.Build.0 = Debug|Any CPU
		{3E84CEE3-8B45-421B-8EE5-C394257927C0}.Release|Any CPU.ActiveCfg = Release|Any CPU
		{3E84CEE3-8B45-421B-8EE5-C394257927C0}.Release|Any CPU.Build.0 = Release|Any CPU
		{3E84CEE3-8B45-421B-8EE5-C394257927C0}.Release|x64.ActiveCfg = Release|Any CPU
		{3E84CEE3-8B45-421B-8EE5-C394257927C0}.Release|x64.Build.0 = Release|Any CPU
		{3E84CEE3-8B45-421B-8EE5-C394257927C0}.Release|x86.ActiveCfg = Release|Any CPU
		{3E84CEE3-8B45-421B-8EE5-C394257927C0}.Release|x86.Build.0 = Release|Any CPU
	EndGlobalSection
	GlobalSection(SolutionProperties) = preSolution
		HideSolutionNode = FALSE
	EndGlobalSection
	GlobalSection(ExtensibilityGlobals) = postSolution
		SolutionGuid = {2BDBC07C-9D3B-41BD-B175-C8C794D08F68}
	EndGlobalSection
EndGlobal
